
Microsoft Visual Studio Solution File, Format Version 12.00
# Visual Studio Version 17
VisualStudioVersion = 17.7.33711.374
MinimumVisualStudioVersion = 10.0.40219.1
Project("{9A19103F-16F7-4668-BE54-9A1E7A4F7556}") = "AgeCalculation.Web", "AgeCalculation.Web\AgeCalculation.Web.csproj", "{3F41E0E3-F69A-4C6D-98D4-238DFDA44182}"
EndProject
Global
	GlobalSection(SolutionConfigurationPlatforms) = preSolution
		Debug|Any CPU = Debug|Any CPU
		Release|Any CPU = Release|Any CPU
	EndGlobalSection
	GlobalSection(ProjectConfigurationPlatforms) = postSolution
		{3F41E0E3-F69A-4C6D-98D4-238DFDA44182}.Debug|Any CPU.ActiveCfg = Debug|Any CPU
		{3F41E0E3-F69A-4C6D-98D4-238DFDA44182}.Debug|Any CPU.Build.0 = Debug|Any CPU
		{3F41E0E3-F69A-4C6D-98D4-238DFDA44182}.Release|Any CPU.ActiveCfg = Debug|Any CPU
		{3F41E0E3-F69A-4C6D-98D4-238DFDA44182}.Release|Any CPU.Build.0 = Debug|Any CPU
	EndGlobalSection
	GlobalSection(SolutionProperties) = preSolution
		HideSolutionNode = FALSE
	EndGlobalSection
	GlobalSection(ExtensibilityGlobals) = postSolution
		SolutionGuid = {46AA580F-460F-410E-88B6-79601B55B5B2}
	EndGlobalSection
EndGlobal
